
Microsoft Visual Studio Solution File, Format Version 12.00
# Visual Studio 15
VisualStudioVersion = 15.0.28307.489
MinimumVisualStudioVersion = 10.0.40219.1
Project("{FAE04EC0-301F-11D3-BF4B-00C04F79EFBC}") = "MVC2", "MVC2\MVC2.csproj", "{6CC3E5B1-9333-4C91-B8F9-0C214BA631F5}"
EndProject
Global
	GlobalSection(SolutionConfigurationPlatforms) = preSolution
		Debug|Any CPU = Debug|Any CPU
		Release|Any CPU = Release|Any CPU
	EndGlobalSection
	GlobalSection(ProjectConfigurationPlatforms) = postSolution
		{6CC3E5B1-9333-4C91-B8F9-0C214BA631F5}.Debug|Any CPU.ActiveCfg = Debug|Any CPU
		{6CC3E5B1-9333-4C91-B8F9-0C214BA631F5}.Debug|Any CPU.Build.0 = Debug|Any CPU
		{6CC3E5B1-9333-4C91-B8F9-0C214BA631F5}.Release|Any CPU.ActiveCfg = Release|Any CPU
		{6CC3E5B1-9333-4C91-B8F9-0C214BA631F5}.Release|Any CPU.Build.0 = Release|Any CPU
	EndGlobalSection
	GlobalSection(SolutionProperties) = preSolution
		HideSolutionNode = FALSE
	EndGlobalSection
	GlobalSection(ExtensibilityGlobals) = postSolution
		SolutionGuid = {7ACF0AF5-2255-4031-AC8A-4653D64A5099}
	EndGlobalSection
EndGlobal
